
Microsoft Visual Studio Solution File, Format Version 12.00
# Visual Studio Version 16
VisualStudioVersion = 16.0.29418.71
MinimumVisualStudioVersion = 10.0.40219.1
Project("{FAE04EC0-301F-11D3-BF4B-00C04F79EFBC}") = "Lab10-11", "Lab10-11\Lab10-11.csproj", "{ADBE5372-72D4-4198-BE4B-BC8460A4A90B}"
EndProject
Global
	GlobalSection(SolutionConfigurationPlatforms) = preSolution
		Debug|Any CPU = Debug|Any CPU
		Release|Any CPU = Release|Any CPU
	EndGlobalSection
	GlobalSection(ProjectConfigurationPlatforms) = postSolution
		{ADBE5372-72D4-4198-BE4B-BC8460A4A90B}.Debug|Any CPU.ActiveCfg = Debug|Any CPU
		{ADBE5372-72D4-4198-BE4B-BC8460A4A90B}.Debug|Any CPU.Build.0 = Debug|Any CPU
		{ADBE5372-72D4-4198-BE4B-BC8460A4A90B}.Release|Any CPU.ActiveCfg = Release|Any CPU
		{ADBE5372-72D4-4198-BE4B-BC8460A4A90B}.Release|Any CPU.Build.0 = Release|Any CPU
	EndGlobalSection
	GlobalSection(SolutionProperties) = preSolution
		HideSolutionNode = FALSE
	EndGlobalSection
	GlobalSection(ExtensibilityGlobals) = postSolution
		SolutionGuid = {C0E8C04A-1731-49C3-9C34-C91C34CB1DB3}
	EndGlobalSection
EndGlobal
